// !$*UTF8*$!
{
	archiveVersion = 1;
	classes = {
	};
	objectVersion = 50;
	objects = {

/* Begin PBXBuildFile section */
		520E405420B3B57200B34908 /* String+MTK.swift in Sources */ = {isa = PBXBuildFile; fileRef = 520E405320B3B57200B34908 /* String+MTK.swift */; };
		520EA7DF20A3178E0030F1D0 /* CrashParser.swift in Sources */ = {isa = PBXBuildFile; fileRef = 520EA7DE20A3178E0030F1D0 /* CrashParser.swift */; };
		5265BFE820BE4A72001EB388 /* 20180529.crash in Resources */ = {isa = PBXBuildFile; fileRef = 5265BFE720BE4A71001EB388 /* 20180529.crash */; };
		5265BFEA20BEC23A001EB388 /* CommandLine.swift in Sources */ = {isa = PBXBuildFile; fileRef = 5265BFE920BEC23A001EB388 /* CommandLine.swift */; };
		526AD575209B11BA00296E65 /* AppDelegate.swift in Sources */ = {isa = PBXBuildFile; fileRef = 526AD574209B11BA00296E65 /* AppDelegate.swift */; };
		526AD577209B11BD00296E65 /* Assets.xcassets in Resources */ = {isa = PBXBuildFile; fileRef = 526AD576209B11BD00296E65 /* Assets.xcassets */; };
		526AD57A209B11BD00296E65 /* MainMenu.xib in Resources */ = {isa = PBXBuildFile; fileRef = 526AD578209B11BD00296E65 /* MainMenu.xib */; };
		526AD586209B11BD00296E65 /* MToolKitTests.swift in Sources */ = {isa = PBXBuildFile; fileRef = 526AD585209B11BD00296E65 /* MToolKitTests.swift */; };
		526AD591209B11BD00296E65 /* MToolKitUITests.swift in Sources */ = {isa = PBXBuildFile; fileRef = 526AD590209B11BD00296E65 /* MToolKitUITests.swift */; };
		529453C520AA76E4007DF27F /* LayoutConst.swift in Sources */ = {isa = PBXBuildFile; fileRef = 529453C420AA76E4007DF27F /* LayoutConst.swift */; };
		52C271EF20ABC58B00937393 /* CrashFileInfo.swift in Sources */ = {isa = PBXBuildFile; fileRef = 52C271EE20ABC58B00937393 /* CrashFileInfo.swift */; };
		F1CEDB6A8BE50ADE8AD01B14 /* Pods_MToolKit.framework in Frameworks */ = {isa = PBXBuildFile; fileRef = FFFAF6D12D9040B554A66EA3 /* Pods_MToolKit.framework */; };
/* End PBXBuildFile section */

/* Begin PBXContainerItemProxy section */
		526AD582209B11BD00296E65 /* PBXContainerItemProxy */ = {
			isa = PBXContainerItemProxy;
			containerPortal = 526AD569209B11BA00296E65 /* Project object */;
			proxyType = 1;
			remoteGlobalIDString = 526AD570209B11BA00296E65;
			remoteInfo = MToolKit;
		};
		526AD58D209B11BD00296E65 /* PBXContainerItemProxy */ = {
			isa = PBXContainerItemProxy;
			containerPortal = 526AD569209B11BA00296E65 /* Project object */;
			proxyType = 1;
			remoteGlobalIDString = 526AD570209B11BA00296E65;
			remoteInfo = MToolKit;
		};
/* End PBXContainerItemProxy section */

/* Begin PBXFileReference section */
		520E405320B3B57200B34908 /* String+MTK.swift */ = {isa = PBXFileReference; lastKnownFileType = sourcecode.swift; path = "String+MTK.swift"; sourceTree = "<group>"; };
		520EA7DE20A3178E0030F1D0 /* CrashParser.swift */ = {isa = PBXFileReference; lastKnownFileType = sourcecode.swift; path = CrashParser.swift; sourceTree = "<group>"; };
		5265BFE720BE4A71001EB388 /* 20180529.crash */ = {isa = PBXFileReference; fileEncoding = 4; lastKnownFileType = text; path = 20180529.crash; sourceTree = "<group>"; };
		5265BFE920BEC23A001EB388 /* CommandLine.swift */ = {isa = PBXFileReference; lastKnownFileType = sourcecode.swift; path = CommandLine.swift; sourceTree = "<group>"; };
		526AD571209B11BA00296E65 /* MToolKit.app */ = {isa = PBXFileReference; explicitFileType = wrapper.application; includeInIndex = 0; path = MToolKit.app; sourceTree = BUILT_PRODUCTS_DIR; };
		526AD574209B11BA00296E65 /* AppDelegate.swift */ = {isa = PBXFileReference; lastKnownFileType = sourcecode.swift; path = AppDelegate.swift; sourceTree = "<group>"; };
		526AD576209B11BD00296E65 /* Assets.xcassets */ = {isa = PBXFileReference; lastKnownFileType = folder.assetcatalog; path = Assets.xcassets; sourceTree = "<group>"; };
		526AD579209B11BD00296E65 /* Base */ = {isa = PBXFileReference; lastKnownFileType = file.xib; name = Base; path = Base.lproj/MainMenu.xib; sourceTree = "<group>"; };
		526AD57B209B11BD00296E65 /* Info.plist */ = {isa = PBXFileReference; lastKnownFileType = text.plist.xml; path = Info.plist; sourceTree = "<group>"; };
		526AD57C209B11BD00296E65 /* MToolKit.entitlements */ = {isa = PBXFileReference; lastKnownFileType = text.plist.entitlements; path = MToolKit.entitlements; sourceTree = "<group>"; };
		526AD581209B11BD00296E65 /* MToolKitTests.xctest */ = {isa = PBXFileReference; explicitFileType = wrapper.cfbundle; includeInIndex = 0; path = MToolKitTests.xctest; sourceTree = BUILT_PRODUCTS_DIR; };
		526AD585209B11BD00296E65 /* MToolKitTests.swift */ = {isa = PBXFileReference; lastKnownFileType = sourcecode.swift; path = MToolKitTests.swift; sourceTree = "<group>"; };
		526AD587209B11BD00296E65 /* Info.plist */ = {isa = PBXFileReference; lastKnownFileType = text.plist.xml; path = Info.plist; sourceTree = "<group>"; };
		526AD58C209B11BD00296E65 /* MToolKitUITests.xctest */ = {isa = PBXFileReference; explicitFileType = wrapper.cfbundle; includeInIndex = 0; path = MToolKitUITests.xctest; sourceTree = BUILT_PRODUCTS_DIR; };
		526AD590209B11BD00296E65 /* MToolKitUITests.swift */ = {isa = PBXFileReference; lastKnownFileType = sourcecode.swift; path = MToolKitUITests.swift; sourceTree = "<group>"; };
		526AD592209B11BD00296E65 /* Info.plist */ = {isa = PBXFileReference; lastKnownFileType = text.plist.xml; path = Info.plist; sourceTree = "<group>"; };
		529453C420AA76E4007DF27F /* LayoutConst.swift */ = {isa = PBXFileReference; lastKnownFileType = sourcecode.swift; path = LayoutConst.swift; sourceTree = "<group>"; };
		52C271EE20ABC58B00937393 /* CrashFileInfo.swift */ = {isa = PBXFileReference; lastKnownFileType = sourcecode.swift; path = CrashFileInfo.swift; sourceTree = "<group>"; };
		72F965FCA23AC19753BE4229 /* Pods-MToolKit.release.xcconfig */ = {isa = PBXFileReference; includeInIndex = 1; lastKnownFileType = text.xcconfig; name = "Pods-MToolKit.release.xcconfig"; path = "Pods/Target Support Files/Pods-MToolKit/Pods-MToolKit.release.xcconfig"; sourceTree = "<group>"; };
		B011BB185064744CB5BB051D /* Pods-MToolKit.debug.xcconfig */ = {isa = PBXFileReference; includeInIndex = 1; lastKnownFileType = text.xcconfig; name = "Pods-MToolKit.debug.xcconfig"; path = "Pods/Target Support Files/Pods-MToolKit/Pods-MToolKit.debug.xcconfig"; sourceTree = "<group>"; };
		FFFAF6D12D9040B554A66EA3 /* Pods_MToolKit.framework */ = {isa = PBXFileReference; explicitFileType = wrapper.framework; includeInIndex = 0; path = Pods_MToolKit.framework; sourceTree = BUILT_PRODUCTS_DIR; };
/* End PBXFileReference section */

/* Begin PBXFrameworksBuildPhase section */
		526AD56E209B11BA00296E65 /* Frameworks */ = {
			isa = PBXFrameworksBuildPhase;
			buildActionMask = 2147483647;
			files = (
				F1CEDB6A8BE50ADE8AD01B14 /* Pods_MToolKit.framework in Frameworks */,
			);
			runOnlyForDeploymentPostprocessing = 0;
		};
		526AD57E209B11BD00296E65 /* Frameworks */ = {
			isa = PBXFrameworksBuildPhase;
			buildActionMask = 2147483647;
			files = (
			);
			runOnlyForDeploymentPostprocessing = 0;
		};
		526AD589209B11BD00296E65 /* Frameworks */ = {
			isa = PBXFrameworksBuildPhase;
			buildActionMask = 2147483647;
			files = (
			);
			runOnlyForDeploymentPostprocessing = 0;
		};
/* End PBXFrameworksBuildPhase section */

/* Begin PBXGroup section */
		526AD568209B11BA00296E65 = {
			isa = PBXGroup;
			children = (
				526AD573209B11BA00296E65 /* MToolKit */,
				526AD584209B11BD00296E65 /* MToolKitTests */,
				526AD58F209B11BD00296E65 /* MToolKitUITests */,
				526AD572209B11BA00296E65 /* Products */,
				8C7BA5D2E0FE4F2C3AF5CF85 /* Pods */,
				C3620EBB4FFF641F0A7CF152 /* Frameworks */,
			);
			sourceTree = "<group>";
		};
		526AD572209B11BA00296E65 /* Products */ = {
			isa = PBXGroup;
			children = (
				526AD571209B11BA00296E65 /* MToolKit.app */,
				526AD581209B11BD00296E65 /* MToolKitTests.xctest */,
				526AD58C209B11BD00296E65 /* MToolKitUITests.xctest */,
			);
			name = Products;
			sourceTree = "<group>";
		};
		526AD573209B11BA00296E65 /* MToolKit */ = {
			isa = PBXGroup;
			children = (
				526AD574209B11BA00296E65 /* AppDelegate.swift */,
				520EA7DE20A3178E0030F1D0 /* CrashParser.swift */,
				529453C420AA76E4007DF27F /* LayoutConst.swift */,
				52C271EE20ABC58B00937393 /* CrashFileInfo.swift */,
				520E405320B3B57200B34908 /* String+MTK.swift */,
				5265BFE920BEC23A001EB388 /* CommandLine.swift */,
				5265BFE720BE4A71001EB388 /* 20180529.crash */,
				526AD576209B11BD00296E65 /* Assets.xcassets */,
				526AD578209B11BD00296E65 /* MainMenu.xib */,
				526AD57B209B11BD00296E65 /* Info.plist */,
				526AD57C209B11BD00296E65 /* MToolKit.entitlements */,
			);
			path = MToolKit;
			sourceTree = "<group>";
		};
		526AD584209B11BD00296E65 /* MToolKitTests */ = {
			isa = PBXGroup;
			children = (
				526AD585209B11BD00296E65 /* MToolKitTests.swift */,
				526AD587209B11BD00296E65 /* Info.plist */,
			);
			path = MToolKitTests;
			sourceTree = "<group>";
		};
		526AD58F209B11BD00296E65 /* MToolKitUITests */ = {
			isa = PBXGroup;
			children = (
				526AD590209B11BD00296E65 /* MToolKitUITests.swift */,
				526AD592209B11BD00296E65 /* Info.plist */,
			);
			path = MToolKitUITests;
			sourceTree = "<group>";
		};
		8C7BA5D2E0FE4F2C3AF5CF85 /* Pods */ = {
			isa = PBXGroup;
			children = (
				B011BB185064744CB5BB051D /* Pods-MToolKit.debug.xcconfig */,
				72F965FCA23AC19753BE4229 /* Pods-MToolKit.release.xcconfig */,
			);
			name = Pods;
			sourceTree = "<group>";
		};
		C3620EBB4FFF641F0A7CF152 /* Frameworks */ = {
			isa = PBXGroup;
			children = (
				FFFAF6D12D9040B554A66EA3 /* Pods_MToolKit.framework */,
			);
			name = Frameworks;
			sourceTree = "<group>";
		};
/* End PBXGroup section */

/* Begin PBXNativeTarget section */
		526AD570209B11BA00296E65 /* MToolKit */ = {
			isa = PBXNativeTarget;
			buildConfigurationList = 526AD595209B11BD00296E65 /* Build configuration list for PBXNativeTarget "MToolKit" */;
			buildPhases = (
				9217EEF016EED0DE5F9EFD76 /* [CP] Check Pods Manifest.lock */,
				526AD56D209B11BA00296E65 /* Sources */,
				526AD56E209B11BA00296E65 /* Frameworks */,
				526AD56F209B11BA00296E65 /* Resources */,
				549C1CD44474B4BC952E1ED5 /* [CP] Embed Pods Frameworks */,
				2A96CAD12DB8F93E44D71FA5 /* [CP] Copy Pods Resources */,
			);
			buildRules = (
			);
			dependencies = (
			);
			name = MToolKit;
			productName = MToolKit;
			productReference = 526AD571209B11BA00296E65 /* MToolKit.app */;
			productType = "com.apple.product-type.application";
		};
		526AD580209B11BD00296E65 /* MToolKitTests */ = {
			isa = PBXNativeTarget;
			buildConfigurationList = 526AD598209B11BD00296E65 /* Build configuration list for PBXNativeTarget "MToolKitTests" */;
			buildPhases = (
				526AD57D209B11BD00296E65 /* Sources */,
				526AD57E209B11BD00296E65 /* Frameworks */,
				526AD57F209B11BD00296E65 /* Resources */,
			);
			buildRules = (
			);
			dependencies = (
				526AD583209B11BD00296E65 /* PBXTargetDependency */,
			);
			name = MToolKitTests;
			productName = MToolKitTests;
			productReference = 526AD581209B11BD00296E65 /* MToolKitTests.xctest */;
			productType = "com.apple.product-type.bundle.unit-test";
		};
		526AD58B209B11BD00296E65 /* MToolKitUITests */ = {
			isa = PBXNativeTarget;
			buildConfigurationList = 526AD59B209B11BD00296E65 /* Build configuration list for PBXNativeTarget "MToolKitUITests" */;
			buildPhases = (
				526AD588209B11BD00296E65 /* Sources */,
				526AD589209B11BD00296E65 /* Frameworks */,
				526AD58A209B11BD00296E65 /* Resources */,
			);
			buildRules = (
			);
			dependencies = (
				526AD58E209B11BD00296E65 /* PBXTargetDependency */,
			);
			name = MToolKitUITests;
			productName = MToolKitUITests;
			productReference = 526AD58C209B11BD00296E65 /* MToolKitUITests.xctest */;
			productType = "com.apple.product-type.bundle.ui-testing";
		};
/* End PBXNativeTarget section */

/* Begin PBXProject section */
		526AD569209B11BA00296E65 /* Project object */ = {
			isa = PBXProject;
			attributes = {
				LastSwiftUpdateCheck = 0930;
				LastUpgradeCheck = 0930;
				ORGANIZATIONNAME = gaoliang5;
				TargetAttributes = {
					526AD570209B11BA00296E65 = {
						CreatedOnToolsVersion = 9.3;
					};
					526AD580209B11BD00296E65 = {
						CreatedOnToolsVersion = 9.3;
						TestTargetID = 526AD570209B11BA00296E65;
					};
					526AD58B209B11BD00296E65 = {
						CreatedOnToolsVersion = 9.3;
						TestTargetID = 526AD570209B11BA00296E65;
					};
				};
			};
			buildConfigurationList = 526AD56C209B11BA00296E65 /* Build configuration list for PBXProject "MToolKit" */;
			compatibilityVersion = "Xcode 9.3";
			developmentRegion = en;
			hasScannedForEncodings = 0;
			knownRegions = (
				en,
				Base,
			);
			mainGroup = 526AD568209B11BA00296E65;
			productRefGroup = 526AD572209B11BA00296E65 /* Products */;
			projectDirPath = "";
			projectRoot = "";
			targets = (
				526AD570209B11BA00296E65 /* MToolKit */,
				526AD580209B11BD00296E65 /* MToolKitTests */,
				526AD58B209B11BD00296E65 /* MToolKitUITests */,
			);
		};
/* End PBXProject section */

/* Begin PBXResourcesBuildPhase section */
		526AD56F209B11BA00296E65 /* Resources */ = {
			isa = PBXResourcesBuildPhase;
			buildActionMask = 2147483647;
			files = (
				5265BFE820BE4A72001EB388 /* 20180529.crash in Resources */,
				526AD577209B11BD00296E65 /* Assets.xcassets in Resources */,
				526AD57A209B11BD00296E65 /* MainMenu.xib in Resources */,
			);
			runOnlyForDeploymentPostprocessing = 0;
		};
		526AD57F209B11BD00296E65 /* Resources */ = {
			isa = PBXResourcesBuildPhase;
			buildActionMask = 2147483647;
			files = (
			);
			runOnlyForDeploymentPostprocessing = 0;
		};
		526AD58A209B11BD00296E65 /* Resources */ = {
			isa = PBXResourcesBuildPhase;
			buildActionMask = 2147483647;
			files = (
			);
			runOnlyForDeploymentPostprocessing = 0;
		};
/* End PBXResourcesBuildPhase section */

/* Begin PBXShellScriptBuildPhase section */
		2A96CAD12DB8F93E44D71FA5 /* [CP] Copy Pods Resources */ = {
			isa = PBXShellScriptBuildPhase;
			buildActionMask = 2147483647;
			files = (
			);
			inputPaths = (
			);
			name = "[CP] Copy Pods Resources";
			outputPaths = (
			);
			runOnlyForDeploymentPostprocessing = 0;
			shellPath = /bin/sh;
			shellScript = "\"${SRCROOT}/Pods/Target Support Files/Pods-MToolKit/Pods-MToolKit-resources.sh\"\n";
			showEnvVarsInLog = 0;
		};
		549C1CD44474B4BC952E1ED5 /* [CP] Embed Pods Frameworks */ = {
			isa = PBXShellScriptBuildPhase;
			buildActionMask = 2147483647;
			files = (
			);
			inputPaths = (
				"${SRCROOT}/Pods/Target Support Files/Pods-MToolKit/Pods-MToolKit-frameworks.sh",
				"${BUILT_PRODUCTS_DIR}/Alamofire/Alamofire.framework",
				"${BUILT_PRODUCTS_DIR}/FileKit/FileKit.framework",
				"${BUILT_PRODUCTS_DIR}/SnapKit/SnapKit.framework",
				"${BUILT_PRODUCTS_DIR}/SwiftyBeaver/SwiftyBeaver.framework",
			);
			name = "[CP] Embed Pods Frameworks";
			outputPaths = (
				"${TARGET_BUILD_DIR}/${FRAMEWORKS_FOLDER_PATH}/Alamofire.framework",
				"${TARGET_BUILD_DIR}/${FRAMEWORKS_FOLDER_PATH}/FileKit.framework",
				"${TARGET_BUILD_DIR}/${FRAMEWORKS_FOLDER_PATH}/SnapKit.framework",
				"${TARGET_BUILD_DIR}/${FRAMEWORKS_FOLDER_PATH}/SwiftyBeaver.framework",
			);
			runOnlyForDeploymentPostprocessing = 0;
			shellPath = /bin/sh;
			shellScript = "\"${SRCROOT}/Pods/Target Support Files/Pods-MToolKit/Pods-MToolKit-frameworks.sh\"\n";
			showEnvVarsInLog = 0;
		};
		9217EEF016EED0DE5F9EFD76 /* [CP] Check Pods Manifest.lock */ = {
			isa = PBXShellScriptBuildPhase;
			buildActionMask = 2147483647;
			files = (
			);
			inputPaths = (
				"${PODS_PODFILE_DIR_PATH}/Podfile.lock",
				"${PODS_ROOT}/Manifest.lock",
			);
			name = "[CP] Check Pods Manifest.lock";
			outputPaths = (
				"$(DERIVED_FILE_DIR)/Pods-MToolKit-checkManifestLockResult.txt",
			);
			runOnlyForDeploymentPostprocessing = 0;
			shellPath = /bin/sh;
			shellScript = "diff \"${PODS_PODFILE_DIR_PATH}/Podfile.lock\" \"${PODS_ROOT}/Manifest.lock\" > /dev/null\nif [ $? != 0 ] ; then\n    # print error to STDERR\n    echo \"error: The sandbox is not in sync with the Podfile.lock. Run 'pod install' or update your CocoaPods installation.\" >&2\n    exit 1\nfi\n# This output is used by Xcode 'outputs' to avoid re-running this script phase.\necho \"SUCCESS\" > \"${SCRIPT_OUTPUT_FILE_0}\"\n";
			showEnvVarsInLog = 0;
		};
/* End PBXShellScriptBuildPhase section */

/* Begin PBXSourcesBuildPhase section */
		526AD56D209B11BA00296E65 /* Sources */ = {
			isa = PBXSourcesBuildPhase;
			buildActionMask = 2147483647;
			files = (
				520EA7DF20A3178E0030F1D0 /* CrashParser.swift in Sources */,
				520E405420B3B57200B34908 /* String+MTK.swift in Sources */,
				526AD575209B11BA00296E65 /* AppDelegate.swift in Sources */,
				5265BFEA20BEC23A001EB388 /* CommandLine.swift in Sources */,
				529453C520AA76E4007DF27F /* LayoutConst.swift in Sources */,
				52C271EF20ABC58B00937393 /* CrashFileInfo.swift in Sources */,
			);
			runOnlyForDeploymentPostprocessing = 0;
		};
		526AD57D209B11BD00296E65 /* Sources */ = {
			isa = PBXSourcesBuildPhase;
			buildActionMask = 2147483647;
			files = (
				526AD586209B11BD00296E65 /* MToolKitTests.swift in Sources */,
			);
			runOnlyForDeploymentPostprocessing = 0;
		};
		526AD588209B11BD00296E65 /* Sources */ = {
			isa = PBXSourcesBuildPhase;
			buildActionMask = 2147483647;
			files = (
				526AD591209B11BD00296E65 /* MToolKitUITests.swift in Sources */,
			);
			runOnlyForDeploymentPostprocessing = 0;
		};
/* End PBXSourcesBuildPhase section */

/* Begin PBXTargetDependency section */
		526AD583209B11BD00296E65 /* PBXTargetDependency */ = {
			isa = PBXTargetDependency;
			target = 526AD570209B11BA00296E65 /* MToolKit */;
			targetProxy = 526AD582209B11BD00296E65 /* PBXContainerItemProxy */;
		};
		526AD58E209B11BD00296E65 /* PBXTargetDependency */ = {
			isa = PBXTargetDependency;
			target = 526AD570209B11BA00296E65 /* MToolKit */;
			targetProxy = 526AD58D209B11BD00296E65 /* PBXContainerItemProxy */;
		};
/* End PBXTargetDependency section */

/* Begin PBXVariantGroup section */
		526AD578209B11BD00296E65 /* MainMenu.xib */ = {
			isa = PBXVariantGroup;
			children = (
				526AD579209B11BD00296E65 /* Base */,
			);
			name = MainMenu.xib;
			sourceTree = "<group>";
		};
/* End PBXVariantGroup section */

/* Begin XCBuildConfiguration section */
		526AD593209B11BD00296E65 /* Debug */ = {
			isa = XCBuildConfiguration;
			buildSettings = {
				ALWAYS_SEARCH_USER_PATHS = NO;
				CLANG_ANALYZER_NONNULL = YES;
				CLANG_ANALYZER_NUMBER_OBJECT_CONVERSION = YES_AGGRESSIVE;
				CLANG_CXX_LANGUAGE_STANDARD = "gnu++14";
				CLANG_CXX_LIBRARY = "libc++";
				CLANG_ENABLE_MODULES = YES;
				CLANG_ENABLE_OBJC_ARC = YES;
				CLANG_ENABLE_OBJC_WEAK = YES;
				CLANG_WARN_BLOCK_CAPTURE_AUTORELEASING = YES;
				CLANG_WARN_BOOL_CONVERSION = YES;
				CLANG_WARN_COMMA = YES;
				CLANG_WARN_CONSTANT_CONVERSION = YES;
				CLANG_WARN_DEPRECATED_OBJC_IMPLEMENTATIONS = YES;
				CLANG_WARN_DIRECT_OBJC_ISA_USAGE = YES_ERROR;
				CLANG_WARN_DOCUMENTATION_COMMENTS = YES;
				CLANG_WARN_EMPTY_BODY = YES;
				CLANG_WARN_ENUM_CONVERSION = YES;
				CLANG_WARN_INFINITE_RECURSION = YES;
				CLANG_WARN_INT_CONVERSION = YES;
				CLANG_WARN_NON_LITERAL_NULL_CONVERSION = YES;
				CLANG_WARN_OBJC_IMPLICIT_RETAIN_SELF = YES;
				CLANG_WARN_OBJC_LITERAL_CONVERSION = YES;
				CLANG_WARN_OBJC_ROOT_CLASS = YES_ERROR;
				CLANG_WARN_RANGE_LOOP_ANALYSIS = YES;
				CLANG_WARN_STRICT_PROTOTYPES = YES;
				CLANG_WARN_SUSPICIOUS_MOVE = YES;
				CLANG_WARN_UNGUARDED_AVAILABILITY = YES_AGGRESSIVE;
				CLANG_WARN_UNREACHABLE_CODE = YES;
				CLANG_WARN__DUPLICATE_METHOD_MATCH = YES;
				CODE_SIGN_IDENTITY = "Mac Developer";
				COPY_PHASE_STRIP = NO;
				DEBUG_INFORMATION_FORMAT = dwarf;
				ENABLE_STRICT_OBJC_MSGSEND = YES;
				ENABLE_TESTABILITY = YES;
				GCC_C_LANGUAGE_STANDARD = gnu11;
				GCC_DYNAMIC_NO_PIC = NO;
				GCC_NO_COMMON_BLOCKS = YES;
				GCC_OPTIMIZATION_LEVEL = 0;
				GCC_PREPROCESSOR_DEFINITIONS = (
					"DEBUG=1",
					"$(inherited)",
				);
				GCC_WARN_64_TO_32_BIT_CONVERSION = YES;
				GCC_WARN_ABOUT_RETURN_TYPE = YES_ERROR;
				GCC_WARN_UNDECLARED_SELECTOR = YES;
				GCC_WARN_UNINITIALIZED_AUTOS = YES_AGGRESSIVE;
				GCC_WARN_UNUSED_FUNCTION = YES;
				GCC_WARN_UNUSED_VARIABLE = YES;
				MACOSX_DEPLOYMENT_TARGET = 10.13;
				MTL_ENABLE_DEBUG_INFO = YES;
				ONLY_ACTIVE_ARCH = YES;
				SDKROOT = macosx;
				SWIFT_ACTIVE_COMPILATION_CONDITIONS = DEBUG;
				SWIFT_OPTIMIZATION_LEVEL = "-Onone";
			};
			name = Debug;
		};
		526AD594209B11BD00296E65 /* Release */ = {
			isa = XCBuildConfiguration;
			buildSettings = {
				ALWAYS_SEARCH_USER_PATHS = NO;
				CLANG_ANALYZER_NONNULL = YES;
				CLANG_ANALYZER_NUMBER_OBJECT_CONVERSION = YES_AGGRESSIVE;
				CLANG_CXX_LANGUAGE_STANDARD = "gnu++14";
				CLANG_CXX_LIBRARY = "libc++";
				CLANG_ENABLE_MODULES = YES;
				CLANG_ENABLE_OBJC_ARC = YES;
				CLANG_ENABLE_OBJC_WEAK = YES;
				CLANG_WARN_BLOCK_CAPTURE_AUTORELEASING = YES;
				CLANG_WARN_BOOL_CONVERSION = YES;
				CLANG_WARN_COMMA = YES;
				CLANG_WARN_CONSTANT_CONVERSION = YES;
				CLANG_WARN_DEPRECATED_OBJC_IMPLEMENTATIONS = YES;
				CLANG_WARN_DIRECT_OBJC_ISA_USAGE = YES_ERROR;
				CLANG_WARN_DOCUMENTATION_COMMENTS = YES;
				CLANG_WARN_EMPTY_BODY = YES;
				CLANG_WARN_ENUM_CONVERSION = YES;
				CLANG_WARN_INFINITE_RECURSION = YES;
				CLANG_WARN_INT_CONVERSION = YES;
				CLANG_WARN_NON_LITERAL_NULL_CONVERSION = YES;
				CLANG_WARN_OBJC_IMPLICIT_RETAIN_SELF = YES;
				CLANG_WARN_OBJC_LITERAL_CONVERSION = YES;
				CLANG_WARN_OBJC_ROOT_CLASS = YES_ERROR;
				CLANG_WARN_RANGE_LOOP_ANALYSIS = YES;
				CLANG_WARN_STRICT_PROTOTYPES = YES;
				CLANG_WARN_SUSPICIOUS_MOVE = YES;
				CLANG_WARN_UNGUARDED_AVAILABILITY = YES_AGGRESSIVE;
				CLANG_WARN_UNREACHABLE_CODE = YES;
				CLANG_WARN__DUPLICATE_METHOD_MATCH = YES;
				CODE_SIGN_IDENTITY = "Mac Developer";
				COPY_PHASE_STRIP = NO;
				DEBUG_INFORMATION_FORMAT = "dwarf-with-dsym";
				ENABLE_NS_ASSERTIONS = NO;
				ENABLE_STRICT_OBJC_MSGSEND = YES;
				GCC_C_LANGUAGE_STANDARD = gnu11;
				GCC_NO_COMMON_BLOCKS = YES;
				GCC_WARN_64_TO_32_BIT_CONVERSION = YES;
				GCC_WARN_ABOUT_RETURN_TYPE = YES_ERROR;
				GCC_WARN_UNDECLARED_SELECTOR = YES;
				GCC_WARN_UNINITIALIZED_AUTOS = YES_AGGRESSIVE;
				GCC_WARN_UNUSED_FUNCTION = YES;
				GCC_WARN_UNUSED_VARIABLE = YES;
				MACOSX_DEPLOYMENT_TARGET = 10.13;
				MTL_ENABLE_DEBUG_INFO = NO;
				SDKROOT = macosx;
				SWIFT_COMPILATION_MODE = wholemodule;
				SWIFT_OPTIMIZATION_LEVEL = "-O";
			};
			name = Release;
		};
		526AD596209B11BD00296E65 /* Debug */ = {
			isa = XCBuildConfiguration;
			baseConfigurationReference = B011BB185064744CB5BB051D /* Pods-MToolKit.debug.xcconfig */;
			buildSettings = {
				ASSETCATALOG_COMPILER_APPICON_NAME = AppIcon;
				CODE_SIGN_ENTITLEMENTS = MToolKit/MToolKit.entitlements;
				CODE_SIGN_STYLE = Automatic;
				COMBINE_HIDPI_IMAGES = YES;
				DEVELOPMENT_TEAM = S2H76B2R6R;
				INFOPLIST_FILE = MToolKit/Info.plist;
				LD_RUNPATH_SEARCH_PATHS = (
					"$(inherited)",
					"@executable_path/../Frameworks",
				);
				MACOSX_DEPLOYMENT_TARGET = 10.13;
				PRODUCT_BUNDLE_IDENTIFIER = cn.com.ibiubiu.MToolKit;
				PRODUCT_NAME = "$(TARGET_NAME)";
				SWIFT_VERSION = 4.0;
			};
			name = Debug;
		};
		526AD597209B11BD00296E65 /* Release */ = {
			isa = XCBuildConfiguration;
			baseConfigurationReference = 72F965FCA23AC19753BE4229 /* Pods-MToolKit.release.xcconfig */;
			buildSettings = {
				ASSETCATALOG_COMPILER_APPICON_NAME = AppIcon;
				CODE_SIGN_ENTITLEMENTS = MToolKit/MToolKit.entitlements;
				CODE_SIGN_STYLE = Automatic;
				COMBINE_HIDPI_IMAGES = YES;
				DEVELOPMENT_TEAM = S2H76B2R6R;
				INFOPLIST_FILE = MToolKit/Info.plist;
				LD_RUNPATH_SEARCH_PATHS = (
					"$(inherited)",
					"@executable_path/../Frameworks",
				);
				MACOSX_DEPLOYMENT_TARGET = 10.13;
				PRODUCT_BUNDLE_IDENTIFIER = cn.com.ibiubiu.MToolKit;
				PRODUCT_NAME = "$(TARGET_NAME)";
				SWIFT_VERSION = 4.0;
			};
			name = Release;
		};
		526AD599209B11BD00296E65 /* Debug */ = {
			isa = XCBuildConfiguration;
			buildSettings = {
				ALWAYS_EMBED_SWIFT_STANDARD_LIBRARIES = YES;
				BUNDLE_LOADER = "$(TEST_HOST)";
				CODE_SIGN_STYLE = Automatic;
				COMBINE_HIDPI_IMAGES = YES;
				DEVELOPMENT_TEAM = S2H76B2R6R;
				INFOPLIST_FILE = MToolKitTests/Info.plist;
				LD_RUNPATH_SEARCH_PATHS = (
					"$(inherited)",
					"@executable_path/../Frameworks",
					"@loader_path/../Frameworks",
				);
				PRODUCT_BUNDLE_IDENTIFIER = cn.com.ibiubiu.MToolKitTests;
				PRODUCT_NAME = "$(TARGET_NAME)";
				SWIFT_VERSION = 4.0;
				TEST_HOST = "$(BUILT_PRODUCTS_DIR)/MToolKit.app/Contents/MacOS/MToolKit";
			};
			name = Debug;
		};
		526AD59A209B11BD00296E65 /* Release */ = {
			isa = XCBuildConfiguration;
			buildSettings = {
				ALWAYS_EMBED_SWIFT_STANDARD_LIBRARIES = YES;
				BUNDLE_LOADER = "$(TEST_HOST)";
				CODE_SIGN_STYLE = Automatic;
				COMBINE_HIDPI_IMAGES = YES;
				DEVELOPMENT_TEAM = S2H76B2R6R;
				INFOPLIST_FILE = MToolKitTests/Info.plist;
				LD_RUNPATH_SEARCH_PATHS = (
					"$(inherited)",
					"@executable_path/../Frameworks",
					"@loader_path/../Frameworks",
				);
				PRODUCT_BUNDLE_IDENTIFIER = cn.com.ibiubiu.MToolKitTests;
				PRODUCT_NAME = "$(TARGET_NAME)";
				SWIFT_VERSION = 4.0;
				TEST_HOST = "$(BUILT_PRODUCTS_DIR)/MToolKit.app/Contents/MacOS/MToolKit";
			};
			name = Release;
		};
		526AD59C209B11BD00296E65 /* Debug */ = {
			isa = XCBuildConfiguration;
			buildSettings = {
				ALWAYS_EMBED_SWIFT_STANDARD_LIBRARIES = YES;
				CODE_SIGN_STYLE = Automatic;
				COMBINE_HIDPI_IMAGES = YES;
				DEVELOPMENT_TEAM = S2H76B2R6R;
				INFOPLIST_FILE = MToolKitUITests/Info.plist;
				LD_RUNPATH_SEARCH_PATHS = (
					"$(inherited)",
					"@executable_path/../Frameworks",
					"@loader_path/../Frameworks",
				);
				PRODUCT_BUNDLE_IDENTIFIER = cn.com.ibiubiu.MToolKitUITests;
				PRODUCT_NAME = "$(TARGET_NAME)";
				SWIFT_VERSION = 4.0;
				TEST_TARGET_NAME = MToolKit;
			};
			name = Debug;
		};
		526AD59D209B11BD00296E65 /* Release */ = {
			isa = XCBuildConfiguration;
			buildSettings = {
				ALWAYS_EMBED_SWIFT_STANDARD_LIBRARIES = YES;
				CODE_SIGN_STYLE = Automatic;
				COMBINE_HIDPI_IMAGES = YES;
				DEVELOPMENT_TEAM = S2H76B2R6R;
				INFOPLIST_FILE = MToolKitUITests/Info.plist;
				LD_RUNPATH_SEARCH_PATHS = (
					"$(inherited)",
					"@executable_path/../Frameworks",
					"@loader_path/../Frameworks",
				);
				PRODUCT_BUNDLE_IDENTIFIER = cn.com.ibiubiu.MToolKitUITests;
				PRODUCT_NAME = "$(TARGET_NAME)";
				SWIFT_VERSION = 4.0;
				TEST_TARGET_NAME = MToolKit;
			};
			name = Release;
		};
/* End XCBuildConfiguration section */

/* Begin XCConfigurationList section */
		526AD56C209B11BA00296E65 /* Build configuration list for PBXProject "MToolKit" */ = {
			isa = XCConfigurationList;
			buildConfigurations = (
				526AD593209B11BD00296E65 /* Debug */,
				526AD594209B11BD00296E65 /* Release */,
			);
			defaultConfigurationIsVisible = 0;
			defaultConfigurationName = Release;
		};
		526AD595209B11BD00296E65 /* Build configuration list for PBXNativeTarget "MToolKit" */ = {
			isa = XCConfigurationList;
			buildConfigurations = (
				526AD596209B11BD00296E65 /* Debug */,
				526AD597209B11BD00296E65 /* Release */,
			);
			defaultConfigurationIsVisible = 0;
			defaultConfigurationName = Release;
		};
		526AD598209B11BD00296E65 /* Build configuration list for PBXNativeTarget "MToolKitTests" */ = {
			isa = XCConfigurationList;
			buildConfigurations = (
				526AD599209B11BD00296E65 /* Debug */,
				526AD59A209B11BD00296E65 /* Release */,
			);
			defaultConfigurationIsVisible = 0;
			defaultConfigurationName = Release;
		};
		526AD59B209B11BD00296E65 /* Build configuration list for PBXNativeTarget "MToolKitUITests" */ = {
			isa = XCConfigurationList;
			buildConfigurations = (
				526AD59C209B11BD00296E65 /* Debug */,
				526AD59D209B11BD00296E65 /* Release */,
			);
			defaultConfigurationIsVisible = 0;
			defaultConfigurationName = Release;
		};
/* End XCConfigurationList section */
	};
	rootObject = 526AD569209B11BA00296E65 /* Project object */;
}
